
Microsoft Visual Studio Solution File, Format Version 12.00
# Visual Studio Version 16
VisualStudioVersion = 16.0.31702.278
MinimumVisualStudioVersion = 10.0.40219.1
Project("{FAE04EC0-301F-11D3-BF4B-00C04F79EFBC}") = "AzuriteTableTest", "AzuriteTableTest\AzuriteTableTest.csproj", "{DCD052FE-523C-4FE6-AF5E-DD1E50C367C7}"
EndProject
Global
	GlobalSection(SolutionConfigurationPlatforms) = preSolution
		Debug|Any CPU = Debug|Any CPU
		Release|Any CPU = Release|Any CPU
	EndGlobalSection
	GlobalSection(ProjectConfigurationPlatforms) = postSolution
		{DCD052FE-523C-4FE6-AF5E-DD1E50C367C7}.Debug|Any CPU.ActiveCfg = Debug|Any CPU
		{DCD052FE-523C-4FE6-AF5E-DD1E50C367C7}.Debug|Any CPU.Build.0 = Debug|Any CPU
		{DCD052FE-523C-4FE6-AF5E-DD1E50C367C7}.Release|Any CPU.ActiveCfg = Release|Any CPU
		{DCD052FE-523C-4FE6-AF5E-DD1E50C367C7}.Release|Any CPU.Build.0 = Release|Any CPU
	EndGlobalSection
	GlobalSection(SolutionProperties) = preSolution
		HideSolutionNode = FALSE
	EndGlobalSection
	GlobalSection(ExtensibilityGlobals) = postSolution
		SolutionGuid = {A61BE418-8C29-410C-A5A8-E4F4143C6B6C}
	EndGlobalSection
EndGlobal
